lockfileVersion: '6.0'

settings:
  autoInstallPeers: true
  excludeLinksFromLockfile: false

dependencies:
  commander:
    specifier: ^11.1.0
    version: registry.npmmirror.com/commander@11.1.0

devDependencies:
  prettier:
    specifier: ^3.0.3
    version: registry.npmmirror.com/prettier@3.0.3

packages:

  registry.npmmirror.com/commander@11.1.0:
    resolution: {integrity: sha512-yPVavfyCcRhmorC7rWlkHn15b4wDVgVmBA7kV4QVBsF7kv/9TKJAbAXVTxvTnwP8HHKjRCJDClKbciiYS7p0DQ==, tarball: https://registry.npmmirror.com/commander/-/commander-11.1.0.tgz}
    name: commander
    version: 11.1.0
    engines: {node: '>=16'}
    dev: false

  registry.npmmirror.com/prettier@3.0.3:
    resolution: {integrity: sha512-L/4pUDMxcNa8R/EthV08Zt42WBO4h1rarVtK0K+QJG0X187OLo7l699jWw0GKuwzkPQ//jMFA/8Xm6Fh3J/DAg==, tarball: https://registry.npmmirror.com/prettier/-/prettier-3.0.3.tgz}
    name: prettier
    version: 3.0.3
    engines: {node: '>=14'}
    hasBin: true
    dev: true
